
Microsoft Visual Studio Solution File, Format Version 12.00
# Visual Studio Version 17
VisualStudioVersion = 17.5.33424.131
MinimumVisualStudioVersion = 10.0.40219.1
Project("{FAE04EC0-301F-11D3-BF4B-00C04F79EFBC}") = "중간고사 연습", "중간고사 연습\중간고사 연습.csproj", "{7D37918E-D2D0-4E04-AB7B-B668AD50B97B}"
EndProject
Global
	GlobalSection(SolutionConfigurationPlatforms) = preSolution
		Debug|Any CPU = Debug|Any CPU
		Release|Any CPU = Release|Any CPU
	EndGlobalSection
	GlobalSection(ProjectConfigurationPlatforms) = postSolution
		{7D37918E-D2D0-4E04-AB7B-B668AD50B97B}.Debug|Any CPU.ActiveCfg = Debug|Any CPU
		{7D37918E-D2D0-4E04-AB7B-B668AD50B97B}.Debug|Any CPU.Build.0 = Debug|Any CPU
		{7D37918E-D2D0-4E04-AB7B-B668AD50B97B}.Release|Any CPU.ActiveCfg = Release|Any CPU
		{7D37918E-D2D0-4E04-AB7B-B668AD50B97B}.Release|Any CPU.Build.0 = Release|Any CPU
	EndGlobalSection
	GlobalSection(SolutionProperties) = preSolution
		HideSolutionNode = FALSE
	EndGlobalSection
	GlobalSection(ExtensibilityGlobals) = postSolution
		SolutionGuid = {8111598C-CA87-4D19-A067-6649C6F9689F}
	EndGlobalSection
EndGlobal
